{
  "requires": true,
  "lockfileVersion": 1,
  "dependencies": {
    "director": {
      "version": "1.2.8",
      "resolved": "https://registry.npmjs.org/director/-/director-1.2.8.tgz",
      "integrity": "sha1-xtm03YkOmv9TZRg/6cyOc5lM8tU="
    },
    "vue": {
      "version": "2.6.10",
      "resolved": "https://registry.npmjs.org/vue/-/vue-2.6.10.tgz",
      "integrity": "sha512-ImThpeNU9HbdZL3utgMCq0oiMzAkt1mcgy3/E6zWC/G6AaQoeuFdsl9nDhTDU3X1R6FK7nsIUuRACVcjI+A2GQ=="
    }
  }
}
